<Solution>
  <Folder Name="/src/">
    <Project Path="src/DemaConsulting.TemplateDotNetLibrary/DemaConsulting.TemplateDotNetLibrary.csproj" />
  </Folder>
  <Folder Name="/test/">
    <Project Path="test/DemaConsulting.TemplateDotNetLibrary.Tests/DemaConsulting.TemplateDotNetLibrary.Tests.csproj" />
  </Folder>
</Solution>
